<?xml version="1.0" encoding="utf-8"?>
<Project ToolsVersion="4.0" xmlns="http://schemas.microsoft.com/developer/msbuild/2003">
  <ItemGroup>
    <Filter Include="源文件">
      <UniqueIdentifier>{4FC737F1-C7A5-4376-A066-2A32D752A2FF}</UniqueIdentifier>
      <Extensions>cpp;c;cc;cxx;def;odl;idl;hpj;bat;asm;asmx</Extensions>
    </Filter>
    <Filter Include="common">
      <UniqueIdentifier>{de80139b-7e55-4c5e-9cae-2614a159f7c1}</UniqueIdentifier>
    </Filter>
    <Filter Include="common\net">
      <UniqueIdentifier>{b54ccaba-26d6-423a-aa54-e33f31b1b79c}</UniqueIdentifier>
    </Filter>
    <Filter Include="common\thread">
      <UniqueIdentifier>{5bc3940e-971e-4bec-8598-5a838ac6c577}</UniqueIdentifier>
    </Filter>
    <Filter Include="common\log">
      <UniqueIdentifier>{093f359b-69d6-477a-8ae9-9ddf8c19025d}</UniqueIdentifier>
    </Filter>
  </ItemGroup>
  <ItemGroup>
    <ClCompile Include="..\..\common\net\Buffer.cpp">
      <Filter>common\net</Filter>
    </ClCompile>
    <ClCompile Include="..\..\common\net\Epoll.cpp">
      <Filter>common\net</Filter>
    </ClCompile>
    <ClCompile Include="..\..\common\net\Event.cpp">
      <Filter>common\net</Filter>
    </ClCompile>
    <ClCompile Include="..\..\common\net\IOCP.cpp">
      <Filter>common\net</Filter>
    </ClCompile>
    <ClCompile Include="..\..\common\net\Poller.cpp">
      <Filter>common\net</Filter>
    </ClCompile>
    <ClCompile Include="..\..\common\net\Select.cpp">
      <Filter>common\net</Filter>
    </ClCompile>
    <ClCompile Include="..\..\common\net\Socket.cpp">
      <Filter>common\net</Filter>
    </ClCompile>
    <ClCompile Include="..\..\common\net\Timer.cpp">
      <Filter>common\net</Filter>
    </ClCompile>
    <ClCompile Include="..\..\common\thread\Thread.cpp">
      <Filter>common\thread</Filter>
    </ClCompile>
    <ClCompile Include="..\..\common\thread\ThreadPool.cpp">
      <Filter>common\thread</Filter>
    </ClCompile>
    <ClCompile Include="..\..\common\log\Logger.cpp">
      <Filter>common\log</Filter>
    </ClCompile>
    <ClCompile Include="main.cpp">
      <Filter>源文件</Filter>
    </ClCompile>
    <ClCompile Include="mine_sweeper\MineSweeperMgr.cpp">
      <Filter>源文件</Filter>
    </ClCompile>
  </ItemGroup>
  <ItemGroup>
    <ClInclude Include="..\..\common\net\Buffer.h">
      <Filter>common\net</Filter>
    </ClInclude>
    <ClInclude Include="..\..\common\net\Epoll.h">
      <Filter>common\net</Filter>
    </ClInclude>
    <ClInclude Include="..\..\common\net\Event.h">
      <Filter>common\net</Filter>
    </ClInclude>
    <ClInclude Include="..\..\common\net\IOCP.h">
      <Filter>common\net</Filter>
    </ClInclude>
    <ClInclude Include="..\..\common\net\Poller.h">
      <Filter>common\net</Filter>
    </ClInclude>
    <ClInclude Include="..\..\common\net\Select.h">
      <Filter>common\net</Filter>
    </ClInclude>
    <ClInclude Include="..\..\common\net\Socket.h">
      <Filter>common\net</Filter>
    </ClInclude>
    <ClInclude Include="..\..\common\net\Timer.h">
      <Filter>common\net</Filter>
    </ClInclude>
    <ClInclude Include="..\..\common\thread\Condition.h">
      <Filter>common\thread</Filter>
    </ClInclude>
    <ClInclude Include="..\..\common\thread\Mutex.h">
      <Filter>common\thread</Filter>
    </ClInclude>
    <ClInclude Include="..\..\common\thread\Sem.h">
      <Filter>common\thread</Filter>
    </ClInclude>
    <ClInclude Include="..\..\common\thread\Thread.h">
      <Filter>common\thread</Filter>
    </ClInclude>
    <ClInclude Include="..\..\common\thread\ThreadPool.h">
      <Filter>common\thread</Filter>
    </ClInclude>
    <ClInclude Include="..\..\common\thread\ThreadTask.h">
      <Filter>common\thread</Filter>
    </ClInclude>
    <ClInclude Include="..\..\common\common.h">
      <Filter>common</Filter>
    </ClInclude>
    <ClInclude Include="..\..\common\noncopyable.h">
      <Filter>common</Filter>
    </ClInclude>
    <ClInclude Include="..\..\common\stdafx.h">
      <Filter>common</Filter>
    </ClInclude>
    <ClInclude Include="..\..\common\log\Logger.h">
      <Filter>common\log</Filter>
    </ClInclude>
    <ClInclude Include="mine_sweeper\MineSweeperMgr.h" />
    <ClInclude Include="network\NetWork.h" />
    <ClInclude Include="world\World.h" />
  </ItemGroup>
</Project>