
Microsoft Visual Studio Solution File, Format Version 12.00
# Visual Studio 15
VisualStudioVersion = 15.0.28307.1062
MinimumVisualStudioVersion = 10.0.40219.1
Project("{8BC9CEB8-8B4A-11D0-8D11-00A0C91BC942}") = "net", "NetFrame\NetFrame.vcxproj", "{B6B2AE7A-B7A0-4F1B-842A-C41EF09AD4E4}"
EndProject
Project("{8BC9CEB8-8B4A-11D0-8D11-00A0C91BC942}") = "db", "common\db\db.vcxproj", "{192D2F23-DCBA-4727-B720-6ECFA51EC512}"
EndProject
Project("{8BC9CEB8-8B4A-11D0-8D11-00A0C91BC942}") = "gamesvr", "servers\gamesvr\gamesvr.vcxproj", "{CC87DD07-EF64-4375-BCFF-D81D60BE7B5B}"
EndProject
Global
	GlobalSection(SolutionConfigurationPlatforms) = preSolution
		Debug|x64 = Debug|x64
		Debug|x86 = Debug|x86
		Release|x64 = Release|x64
		Release|x86 = Release|x86
	EndGlobalSection
	GlobalSection(ProjectConfigurationPlatforms) = postSolution
		{B6B2AE7A-B7A0-4F1B-842A-C41EF09AD4E4}.Debug|x64.ActiveCfg = Debug|x64
		{B6B2AE7A-B7A0-4F1B-842A-C41EF09AD4E4}.Debug|x64.Build.0 = Debug|x64
		{B6B2AE7A-B7A0-4F1B-842A-C41EF09AD4E4}.Debug|x86.ActiveCfg = Debug|Win32
		{B6B2AE7A-B7A0-4F1B-842A-C41EF09AD4E4}.Debug|x86.Build.0 = Debug|Win32
		{B6B2AE7A-B7A0-4F1B-842A-C41EF09AD4E4}.Release|x64.ActiveCfg = Release|x64
		{B6B2AE7A-B7A0-4F1B-842A-C41EF09AD4E4}.Release|x64.Build.0 = Release|x64
		{B6B2AE7A-B7A0-4F1B-842A-C41EF09AD4E4}.Release|x86.ActiveCfg = Release|Win32
		{B6B2AE7A-B7A0-4F1B-842A-C41EF09AD4E4}.Release|x86.Build.0 = Release|Win32
		{192D2F23-DCBA-4727-B720-6ECFA51EC512}.Debug|x64.ActiveCfg = Debug|x64
		{192D2F23-DCBA-4727-B720-6ECFA51EC512}.Debug|x64.Build.0 = Debug|x64
		{192D2F23-DCBA-4727-B720-6ECFA51EC512}.Debug|x86.ActiveCfg = Debug|Win32
		{192D2F23-DCBA-4727-B720-6ECFA51EC512}.Debug|x86.Build.0 = Debug|Win32
		{192D2F23-DCBA-4727-B720-6ECFA51EC512}.Release|x64.ActiveCfg = Release|x64
		{192D2F23-DCBA-4727-B720-6ECFA51EC512}.Release|x64.Build.0 = Release|x64
		{192D2F23-DCBA-4727-B720-6ECFA51EC512}.Release|x86.ActiveCfg = Release|Win32
		{192D2F23-DCBA-4727-B720-6ECFA51EC512}.Release|x86.Build.0 = Release|Win32
		{CC87DD07-EF64-4375-BCFF-D81D60BE7B5B}.Debug|x64.ActiveCfg = Debug|x64
		{CC87DD07-EF64-4375-BCFF-D81D60BE7B5B}.Debug|x64.Build.0 = Debug|x64
		{CC87DD07-EF64-4375-BCFF-D81D60BE7B5B}.Debug|x86.ActiveCfg = Debug|Win32
		{CC87DD07-EF64-4375-BCFF-D81D60BE7B5B}.Debug|x86.Build.0 = Debug|Win32
		{CC87DD07-EF64-4375-BCFF-D81D60BE7B5B}.Release|x64.ActiveCfg = Release|x64
		{CC87DD07-EF64-4375-BCFF-D81D60BE7B5B}.Release|x64.Build.0 = Release|x64
		{CC87DD07-EF64-4375-BCFF-D81D60BE7B5B}.Release|x86.ActiveCfg = Release|Win32
		{CC87DD07-EF64-4375-BCFF-D81D60BE7B5B}.Release|x86.Build.0 = Release|Win32
	EndGlobalSection
	GlobalSection(SolutionProperties) = preSolution
		HideSolutionNode = FALSE
	EndGlobalSection
	GlobalSection(ExtensibilityGlobals) = postSolution
		SolutionGuid = {E234D743-730E-4D15-9C19-5D1BD24771A8}
	EndGlobalSection
EndGlobal
